
Microsoft Visual Studio Solution File, Format Version 12.00
# Visual Studio 15
VisualStudioVersion = 15.0.26430.15
MinimumVisualStudioVersion = 10.0.40219.1
Project("{FAE04EC0-301F-11D3-BF4B-00C04F79EFBC}") = "WindowsFormsApp7", "WindowsFormsApp7\WindowsFormsApp7.csproj", "{D6B45A9F-C26E-4A1A-8F60-00A93D9EC18A}"
EndProject
Global
	GlobalSection(SolutionConfigurationPlatforms) = preSolution
		Debug|Any CPU = Debug|Any CPU
		Release|Any CPU = Release|Any CPU
	EndGlobalSection
	GlobalSection(ProjectConfigurationPlatforms) = postSolution
		{D6B45A9F-C26E-4A1A-8F60-00A93D9EC18A}.Debug|Any CPU.ActiveCfg = Debug|Any CPU
		{D6B45A9F-C26E-4A1A-8F60-00A93D9EC18A}.Debug|Any CPU.Build.0 = Debug|Any CPU
		{D6B45A9F-C26E-4A1A-8F60-00A93D9EC18A}.Release|Any CPU.ActiveCfg = Release|Any CPU
		{D6B45A9F-C26E-4A1A-8F60-00A93D9EC18A}.Release|Any CPU.Build.0 = Release|Any CPU
	EndGlobalSection
	GlobalSection(SolutionProperties) = preSolution
		HideSolutionNode = FALSE
	EndGlobalSection
EndGlobal
